# This file is automatically @generated by Cargo.
# It is not intended for manual editing.
version = 3

[[package]]
name = "libc"
version = "0.2.66"
source = "registry+https://github.com/rust-lang/crates.io-index"
checksum = "d515b1f41455adea1313a4a2ac8a8a477634fbae63cc6100e3aebb207ce61558"

[[package]]
name = "ruby-sys"
version = "0.3.0"
source = "git+https://github.com/steveklabnik/ruby-sys#1b4c1412e22a9a6dac97508f6b6c4a4035e21ed2"
dependencies = [
 "libc",
]

[[package]]
name = "wasabi"
version = "0.1.0"
dependencies = [
 "ruby-sys",
]
